// !$*UTF8*$!
{
	archiveVersion = 1;
	classes = {
	};
	objectVersion = 46;
	objects = {

/* Begin PBXBuildFile section */
		CC5AE0CC1B7024D900328E8D /* main.m in Sources */ = {isa = PBXBuildFile; fileRef = CC5AE0CB1B7024D900328E8D /* main.m */; };
		CC5AE0CF1B7024D900328E8D /* AppDelegate.m in Sources */ = {isa = PBXBuildFile; fileRef = CC5AE0CE1B7024D900328E8D /* AppDelegate.m */; };
		CC5AE0D21B7024D900328E8D /* test.xcdatamodeld in Sources */ = {isa = PBXBuildFile; fileRef = CC5AE0D01B7024D900328E8D /* test.xcdatamodeld */; };
		CC5AE0D51B7024D900328E8D /* ViewController.m in Sources */ = {isa = PBXBuildFile; fileRef = CC5AE0D41B7024D900328E8D /* ViewController.m */; };
		CC5AE0D81B7024D900328E8D /* Main.storyboard in Resources */ = {isa = PBXBuildFile; fileRef = CC5AE0D61B7024D900328E8D /* Main.storyboard */; };
		CC5AE0DA1B7024DA00328E8D /* Images.xcassets in Resources */ = {isa = PBXBuildFile; fileRef = CC5AE0D91B7024DA00328E8D /* Images.xcassets */; };
		CC5AE0DD1B7024DA00328E8D /* LaunchScreen.xib in Resources */ = {isa = PBXBuildFile; fileRef = CC5AE0DB1B7024DA00328E8D /* LaunchScreen.xib */; };
		CC5AE0E91B7024DA00328E8D /* testTests.m in Sources */ = {isa = PBXBuildFile; fileRef = CC5AE0E81B7024DA00328E8D /* testTests.m */; };
/* End PBXBuildFile section */

/* Begin PBXContainerItemProxy section */
		CC5AE0E31B7024DA00328E8D /* PBXContainerItemProxy */ = {
			isa = PBXContainerItemProxy;
			containerPortal = CC5AE0BE1B7024D800328E8D /* Project object */;
			proxyType = 1;
			remoteGlobalIDString = CC5AE0C51B7024D800328E8D;
			remoteInfo = test;
		};
/* End PBXContainerItemProxy section */

/* Begin PBXFileReference section */
		CC5AE0C61B7024D900328E8D /* test.app */ = {isa = PBXFileReference; explicitFileType = wrapper.application; includeInIndex = 0; path = test.app; sourceTree = BUILT_PRODUCTS_DIR; };
		CC5AE0CA1B7024D900328E8D /* Info.plist */ = {isa = PBXFileReference; lastKnownFileType = text.plist.xml; path = Info.plist; sourceTree = "<group>"; };
		CC5AE0CB1B7024D900328E8D /* main.m */ = {isa = PBXFileReference; lastKnownFileType = sourcecode.c.objc; path = main.m; sourceTree = "<group>"; };
		CC5AE0CD1B7024D900328E8D /* AppDelegate.h */ = {isa = PBXFileReference; lastKnownFileType = sourcecode.c.h; path = AppDelegate.h; sourceTree = "<group>"; };
		CC5AE0CE1B7024D900328E8D /* AppDelegate.m */ = {isa = PBXFileReference; lastKnownFileType = sourcecode.c.objc; path = AppDelegate.m; sourceTree = "<group>"; };
		CC5AE0D11B7024D900328E8D /* test.xcdatamodel */ = {isa = PBXFileReference; lastKnownFileType = wrapper.xcdatamodel; path = test.xcdatamodel; sourceTree = "<group>"; };
		CC5AE0D31B7024D900328E8D /* ViewController.h */ = {isa = PBXFileReference; lastKnownFileType = sourcecode.c.h; path = ViewController.h; sourceTree = "<group>"; };
		CC5AE0D41B7024D900328E8D /* ViewController.m */ = {isa = PBXFileReference; lastKnownFileType = sourcecode.c.objc; path = ViewController.m; sourceTree = "<group>"; };
		CC5AE0D71B7024D900328E8D /* Base */ = {isa = PBXFileReference; lastKnownFileType = file.storyboard; name = Base; path = Base.lproj/Main.storyboard; sourceTree = "<group>"; };
		CC5AE0D91B7024DA00328E8D /* Images.xcassets */ = {isa = PBXFileReference; lastKnownFileType = folder.assetcatalog; path = Images.xcassets; sourceTree = "<group>"; };
		CC5AE0DC1B7024DA00328E8D /* Base */ = {isa = PBXFileReference; lastKnownFileType = file.xib; name = Base; path = Base.lproj/LaunchScreen.xib; sourceTree = "<group>"; };
		CC5AE0E21B7024DA00328E8D /* testTests.xctest */ = {isa = PBXFileReference; explicitFileType = wrapper.cfbundle; includeInIndex = 0; path = testTests.xctest; sourceTree = BUILT_PRODUCTS_DIR; };
		CC5AE0E71B7024DA00328E8D /* Info.plist */ = {isa = PBXFileReference; lastKnownFileType = text.plist.xml; path = Info.plist; sourceTree = "<group>"; };
		CC5AE0E81B7024DA00328E8D /* testTests.m */ = {isa = PBXFileReference; lastKnownFileType = sourcecode.c.objc; path = testTests.m; sourceTree = "<group>"; };
/* End PBXFileReference section */

/* Begin PBXFrameworksBuildPhase section */
		CC5AE0C31B7024D800328E8D /* Frameworks */ = {
			isa = PBXFrameworksBuildPhase;
			buildActionMask = 2147483647;
			files = (
			);
			runOnlyForDeploymentPostprocessing = 0;
		};
		CC5AE0DF1B7024DA00328E8D /* Frameworks */ = {
			isa = PBXFrameworksBuildPhase;
			buildActionMask = 2147483647;
			files = (
			);
			runOnlyForDeploymentPostprocessing = 0;
		};
/* End PBXFrameworksBuildPhase section */

/* Begin PBXGroup section */
		CC5AE0BD1B7024D800328E8D = {
			isa = PBXGroup;
			children = (
				CC5AE0C81B7024D900328E8D /* test */,
				CC5AE0E51B7024DA00328E8D /* testTests */,
				CC5AE0C71B7024D900328E8D /* Products */,
			);
			sourceTree = "<group>";
		};
		CC5AE0C71B7024D900328E8D /* Products */ = {
			isa = PBXGroup;
			children = (
				CC5AE0C61B7024D900328E8D /* test.app */,
				CC5AE0E21B7024DA00328E8D /* testTests.xctest */,
			);
			name = Products;
			sourceTree = "<group>";
		};
		CC5AE0C81B7024D900328E8D /* test */ = {
			isa = PBXGroup;
			children = (
				CC5AE0CD1B7024D900328E8D /* AppDelegate.h */,
				CC5AE0CE1B7024D900328E8D /* AppDelegate.m */,
				CC5AE0D31B7024D900328E8D /* ViewController.h */,
				CC5AE0D41B7024D900328E8D /* ViewController.m */,
				CC5AE0D61B7024D900328E8D /* Main.storyboard */,
				CC5AE0D91B7024DA00328E8D /* Images.xcassets */,
				CC5AE0DB1B7024DA00328E8D /* LaunchScreen.xib */,
				CC5AE0D01B7024D900328E8D /* test.xcdatamodeld */,
				CC5AE0C91B7024D900328E8D /* Supporting Files */,
			);
			path = test;
			sourceTree = "<group>";
		};
		CC5AE0C91B7024D900328E8D /* Supporting Files */ = {
			isa = PBXGroup;
			children = (
				CC5AE0CA1B7024D900328E8D /* Info.plist */,
				CC5AE0CB1B7024D900328E8D /* main.m */,
			);
			name = "Supporting Files";
			sourceTree = "<group>";
		};
		CC5AE0E51B7024DA00328E8D /* testTests */ = {
			isa = PBXGroup;
			children = (
				CC5AE0E81B7024DA00328E8D /* testTests.m */,
				CC5AE0E61B7024DA00328E8D /* Supporting Files */,
			);
			path = testTests;
			sourceTree = "<group>";
		};
		CC5AE0E61B7024DA00328E8D /* Supporting Files */ = {
			isa = PBXGroup;
			children = (
				CC5AE0E71B7024DA00328E8D /* Info.plist */,
			);
			name = "Supporting Files";
			sourceTree = "<group>";
		};
/* End PBXGroup section */

/* Begin PBXNativeTarget section */
		CC5AE0C51B7024D800328E8D /* test */ = {
			isa = PBXNativeTarget;
			buildConfigurationList = CC5AE0EC1B7024DA00328E8D /* Build configuration list for PBXNativeTarget "test" */;
			buildPhases = (
				CC5AE0C21B7024D800328E8D /* Sources */,
				CC5AE0C31B7024D800328E8D /* Frameworks */,
				CC5AE0C41B7024D800328E8D /* Resources */,
			);
			buildRules = (
			);
			dependencies = (
			);
			name = test;
			productName = test;
			productReference = CC5AE0C61B7024D900328E8D /* test.app */;
			productType = "com.apple.product-type.application";
		};
		CC5AE0E11B7024DA00328E8D /* testTests */ = {
			isa = PBXNativeTarget;
			buildConfigurationList = CC5AE0EF1B7024DA00328E8D /* Build configuration list for PBXNativeTarget "testTests" */;
			buildPhases = (
				CC5AE0DE1B7024DA00328E8D /* Sources */,
				CC5AE0DF1B7024DA00328E8D /* Frameworks */,
				CC5AE0E01B7024DA00328E8D /* Resources */,
			);
			buildRules = (
			);
			dependencies = (
				CC5AE0E41B7024DA00328E8D /* PBXTargetDependency */,
			);
			name = testTests;
			productName = testTests;
			productReference = CC5AE0E21B7024DA00328E8D /* testTests.xctest */;
			productType = "com.apple.product-type.bundle.unit-test";
		};
/* End PBXNativeTarget section */

/* Begin PBXProject section */
		CC5AE0BE1B7024D800328E8D /* Project object */ = {
			isa = PBXProject;
			attributes = {
				LastUpgradeCheck = 0640;
				ORGANIZATIONNAME = hachfi;
				TargetAttributes = {
					CC5AE0C51B7024D800328E8D = {
						CreatedOnToolsVersion = 6.4;
					};
					CC5AE0E11B7024DA00328E8D = {
						CreatedOnToolsVersion = 6.4;
						TestTargetID = CC5AE0C51B7024D800328E8D;
					};
				};
			};
			buildConfigurationList = CC5AE0C11B7024D800328E8D /* Build configuration list for PBXProject "test" */;
			compatibilityVersion = "Xcode 3.2";
			developmentRegion = English;
			hasScannedForEncodings = 0;
			knownRegions = (
				en,
				Base,
			);
			mainGroup = CC5AE0BD1B7024D800328E8D;
			productRefGroup = CC5AE0C71B7024D900328E8D /* Products */;
			projectDirPath = "";
			projectRoot = "";
			targets = (
				CC5AE0C51B7024D800328E8D /* test */,
				CC5AE0E11B7024DA00328E8D /* testTests */,
			);
		};
/* End PBXProject section */

/* Begin PBXResourcesBuildPhase section */
		CC5AE0C41B7024D800328E8D /* Resources */ = {
			isa = PBXResourcesBuildPhase;
			buildActionMask = 2147483647;
			files = (
				CC5AE0D81B7024D900328E8D /* Main.storyboard in Resources */,
				CC5AE0DD1B7024DA00328E8D /* LaunchScreen.xib in Resources */,
				CC5AE0DA1B7024DA00328E8D /* Images.xcassets in Resources */,
			);
			runOnlyForDeploymentPostprocessing = 0;
		};
		CC5AE0E01B7024DA00328E8D /* Resources */ = {
			isa = PBXResourcesBuildPhase;
			buildActionMask = 2147483647;
			files = (
			);
			runOnlyForDeploymentPostprocessing = 0;
		};
/* End PBXResourcesBuildPhase section */

/* Begin PBXSourcesBuildPhase section */
		CC5AE0C21B7024D800328E8D /* Sources */ = {
			isa = PBXSourcesBuildPhase;
			buildActionMask = 2147483647;
			files = (
				CC5AE0CF1B7024D900328E8D /* AppDelegate.m in Sources */,
				CC5AE0CC1B7024D900328E8D /* main.m in Sources */,
				CC5AE0D51B7024D900328E8D /* ViewController.m in Sources */,
				CC5AE0D21B7024D900328E8D /* test.xcdatamodeld in Sources */,
			);
			runOnlyForDeploymentPostprocessing = 0;
		};
		CC5AE0DE1B7024DA00328E8D /* Sources */ = {
			isa = PBXSourcesBuildPhase;
			buildActionMask = 2147483647;
			files = (
				CC5AE0E91B7024DA00328E8D /* testTests.m in Sources */,
			);
			runOnlyForDeploymentPostprocessing = 0;
		};
/* End PBXSourcesBuildPhase section */

/* Begin PBXTargetDependency section */
		CC5AE0E41B7024DA00328E8D /* PBXTargetDependency */ = {
			isa = PBXTargetDependency;
			target = CC5AE0C51B7024D800328E8D /* test */;
			targetProxy = CC5AE0E31B7024DA00328E8D /* PBXContainerItemProxy */;
		};
/* End PBXTargetDependency section */

/* Begin PBXVariantGroup section */
		CC5AE0D61B7024D900328E8D /* Main.storyboard */ = {
			isa = PBXVariantGroup;
			children = (
				CC5AE0D71B7024D900328E8D /* Base */,
			);
			name = Main.storyboard;
			sourceTree = "<group>";
		};
		CC5AE0DB1B7024DA00328E8D /* LaunchScreen.xib */ = {
			isa = PBXVariantGroup;
			children = (
				CC5AE0DC1B7024DA00328E8D /* Base */,
			);
			name = LaunchScreen.xib;
			sourceTree = "<group>";
		};
/* End PBXVariantGroup section */

/* Begin XCBuildConfiguration section */
		CC5AE0EA1B7024DA00328E8D /* Debug */ = {
			isa = XCBuildConfiguration;
			buildSettings = {
				ALWAYS_SEARCH_USER_PATHS = NO;
				CLANG_CXX_LANGUAGE_STANDARD = "gnu++0x";
				CLANG_CXX_LIBRARY = "libc++";
				CLANG_ENABLE_MODULES = YES;
				CLANG_ENABLE_OBJC_ARC = YES;
				CLANG_WARN_BOOL_CONVERSION = YES;
				CLANG_WARN_CONSTANT_CONVERSION = YES;
				CLANG_WARN_DIRECT_OBJC_ISA_USAGE = YES_ERROR;
				CLANG_WARN_EMPTY_BODY = YES;
				CLANG_WARN_ENUM_CONVERSION = YES;
				CLANG_WARN_INT_CONVERSION = YES;
				CLANG_WARN_OBJC_ROOT_CLASS = YES_ERROR;
				CLANG_WARN_UNREACHABLE_CODE = YES;
				CLANG_WARN__DUPLICATE_METHOD_MATCH = YES;
				"CODE_SIGN_IDENTITY[sdk=iphoneos*]" = "iPhone Developer";
				COPY_PHASE_STRIP = NO;
				DEBUG_INFORMATION_FORMAT = "dwarf-with-dsym";
				ENABLE_STRICT_OBJC_MSGSEND = YES;
				GCC_C_LANGUAGE_STANDARD = gnu99;
				GCC_DYNAMIC_NO_PIC = NO;
				GCC_NO_COMMON_BLOCKS = YES;
				GCC_OPTIMIZATION_LEVEL = 0;
				GCC_PREPROCESSOR_DEFINITIONS = (
					"DEBUG=1",
					"$(inherited)",
				);
				GCC_SYMBOLS_PRIVATE_EXTERN = NO;
				GCC_WARN_64_TO_32_BIT_CONVERSION = YES;
				GCC_WARN_ABOUT_RETURN_TYPE = YES_ERROR;
				GCC_WARN_UNDECLARED_SELECTOR = YES;
				GCC_WARN_UNINITIALIZED_AUTOS = YES_AGGRESSIVE;
				GCC_WARN_UNUSED_FUNCTION = YES;
				GCC_WARN_UNUSED_VARIABLE = YES;
				IPHONEOS_DEPLOYMENT_TARGET = 8.4;
				MTL_ENABLE_DEBUG_INFO = YES;
				ONLY_ACTIVE_ARCH = YES;
				SDKROOT = iphoneos;
				TARGETED_DEVICE_FAMILY = "1,2";
			};
			name = Debug;
		};
		CC5AE0EB1B7024DA00328E8D /* Release */ = {
			isa = XCBuildConfiguration;
			buildSettings = {
				ALWAYS_SEARCH_USER_PATHS = NO;
				CLANG_CXX_LANGUAGE_STANDARD = "gnu++0x";
				CLANG_CXX_LIBRARY = "libc++";
				CLANG_ENABLE_MODULES = YES;
				CLANG_ENABLE_OBJC_ARC = YES;
				CLANG_WARN_BOOL_CONVERSION = YES;
				CLANG_WARN_CONSTANT_CONVERSION = YES;
				CLANG_WARN_DIRECT_OBJC_ISA_USAGE = YES_ERROR;
				CLANG_WARN_EMPTY_BODY = YES;
				CLANG_WARN_ENUM_CONVERSION = YES;
				CLANG_WARN_INT_CONVERSION = YES;
				CLANG_WARN_OBJC_ROOT_CLASS = YES_ERROR;
				CLANG_WARN_UNREACHABLE_CODE = YES;
				CLANG_WARN__DUPLICATE_METHOD_MATCH = YES;
				"CODE_SIGN_IDENTITY[sdk=iphoneos*]" = "iPhone Developer";
				COPY_PHASE_STRIP = NO;
				DEBUG_INFORMATION_FORMAT = "dwarf-with-dsym";
				ENABLE_NS_ASSERTIONS = NO;
				ENABLE_STRICT_OBJC_MSGSEND = YES;
				GCC_C_LANGUAGE_STANDARD = gnu99;
				GCC_NO_COMMON_BLOCKS = YES;
				GCC_WARN_64_TO_32_BIT_CONVERSION = YES;
				GCC_WARN_ABOUT_RETURN_TYPE = YES_ERROR;
				GCC_WARN_UNDECLARED_SELECTOR = YES;
				GCC_WARN_UNINITIALIZED_AUTOS = YES_AGGRESSIVE;
				GCC_WARN_UNUSED_FUNCTION = YES;
				GCC_WARN_UNUSED_VARIABLE = YES;
				IPHONEOS_DEPLOYMENT_TARGET = 8.4;
				MTL_ENABLE_DEBUG_INFO = NO;
				SDKROOT = iphoneos;
				TARGETED_DEVICE_FAMILY = "1,2";
				VALIDATE_PRODUCT = YES;
			};
			name = Release;
		};
		CC5AE0ED1B7024DA00328E8D /* Debug */ = {
			isa = XCBuildConfiguration;
			buildSettings = {
				ASSETCATALOG_COMPILER_APPICON_NAME = AppIcon;
				INFOPLIST_FILE = test/Info.plist;
				LD_RUNPATH_SEARCH_PATHS = "$(inherited) @executable_path/Frameworks";
				PRODUCT_NAME = "$(TARGET_NAME)";
			};
			name = Debug;
		};
		CC5AE0EE1B7024DA00328E8D /* Release */ = {
			isa = XCBuildConfiguration;
			buildSettings = {
				ASSETCATALOG_COMPILER_APPICON_NAME = AppIcon;
				INFOPLIST_FILE = test/Info.plist;
				LD_RUNPATH_SEARCH_PATHS = "$(inherited) @executable_path/Frameworks";
				PRODUCT_NAME = "$(TARGET_NAME)";
			};
			name = Release;
		};
		CC5AE0F01B7024DA00328E8D /* Debug */ = {
			isa = XCBuildConfiguration;
			buildSettings = {
				BUNDLE_LOADER = "$(TEST_HOST)";
				FRAMEWORK_SEARCH_PATHS = (
					"$(SDKROOT)/Developer/Library/Frameworks",
					"$(inherited)",
				);
				GCC_PREPROCESSOR_DEFINITIONS = (
					"DEBUG=1",
					"$(inherited)",
				);
				INFOPLIST_FILE = testTests/Info.plist;
				LD_RUNPATH_SEARCH_PATHS = "$(inherited) @executable_path/Frameworks @loader_path/Frameworks";
				PRODUCT_NAME = "$(TARGET_NAME)";
				TEST_HOST = "$(BUILT_PRODUCTS_DIR)/test.app/test";
			};
			name = Debug;
		};
		CC5AE0F11B7024DA00328E8D /* Release */ = {
			isa = XCBuildConfiguration;
			buildSettings = {
				BUNDLE_LOADER = "$(TEST_HOST)";
				FRAMEWORK_SEARCH_PATHS = (
					"$(SDKROOT)/Developer/Library/Frameworks",
					"$(inherited)",
				);
				INFOPLIST_FILE = testTests/Info.plist;
				LD_RUNPATH_SEARCH_PATHS = "$(inherited) @executable_path/Frameworks @loader_path/Frameworks";
				PRODUCT_NAME = "$(TARGET_NAME)";
				TEST_HOST = "$(BUILT_PRODUCTS_DIR)/test.app/test";
			};
			name = Release;
		};
/* End XCBuildConfiguration section */

/* Begin XCConfigurationList section */
		CC5AE0C11B7024D800328E8D /* Build configuration list for PBXProject "test" */ = {
			isa = XCConfigurationList;
			buildConfigurations = (
				CC5AE0EA1B7024DA00328E8D /* Debug */,
				CC5AE0EB1B7024DA00328E8D /* Release */,
			);
			defaultConfigurationIsVisible = 0;
			defaultConfigurationName = Release;
		};
		CC5AE0EC1B7024DA00328E8D /* Build configuration list for PBXNativeTarget "test" */ = {
			isa = XCConfigurationList;
			buildConfigurations = (
				CC5AE0ED1B7024DA00328E8D /* Debug */,
				CC5AE0EE1B7024DA00328E8D /* Release */,
			);
			defaultConfigurationIsVisible = 0;
		};
		CC5AE0EF1B7024DA00328E8D /* Build configuration list for PBXNativeTarget "testTests" */ = {
			isa = XCConfigurationList;
			buildConfigurations = (
				CC5AE0F01B7024DA00328E8D /* Debug */,
				CC5AE0F11B7024DA00328E8D /* Release */,
			);
			defaultConfigurationIsVisible = 0;
		};
/* End XCConfigurationList section */

/* Begin XCVersionGroup section */
		CC5AE0D01B7024D900328E8D /* test.xcdatamodeld */ = {
			isa = XCVersionGroup;
			children = (
				CC5AE0D11B7024D900328E8D /* test.xcdatamodel */,
			);
			currentVersion = CC5AE0D11B7024D900328E8D /* test.xcdatamodel */;
			path = test.xcdatamodeld;
			sourceTree = "<group>";
			versionGroupType = wrapper.xcdatamodel;
		};
/* End XCVersionGroup section */
	};
	rootObject = CC5AE0BE1B7024D800328E8D /* Project object */;
}
